
Microsoft Visual Studio Solution File, Format Version 12.00
# Visual Studio Version 17
VisualStudioVersion = 17.13.35919.96 d17.13
MinimumVisualStudioVersion = 10.0.40219.1
Project("{FAE04EC0-301F-11D3-BF4B-00C04F79EFBC}") = "StockQuoteAlert", "StockQuoteAlert\StockQuoteAlert.csproj", "{5D05D462-CC5E-46FA-926A-CE5AFC91426F}"
EndProject
Global
	GlobalSection(SolutionConfigurationPlatforms) = preSolution
		Debug|Any CPU = Debug|Any CPU
		Release|Any CPU = Release|Any CPU
	EndGlobalSection
	GlobalSection(ProjectConfigurationPlatforms) = postSolution
		{5D05D462-CC5E-46FA-926A-CE5AFC91426F}.Debug|Any CPU.ActiveCfg = Debug|Any CPU
		{5D05D462-CC5E-46FA-926A-CE5AFC91426F}.Debug|Any CPU.Build.0 = Debug|Any CPU
		{5D05D462-CC5E-46FA-926A-CE5AFC91426F}.Release|Any CPU.ActiveCfg = Release|Any CPU
		{5D05D462-CC5E-46FA-926A-CE5AFC91426F}.Release|Any CPU.Build.0 = Release|Any CPU
	EndGlobalSection
	GlobalSection(SolutionProperties) = preSolution
		HideSolutionNode = FALSE
	EndGlobalSection
	GlobalSection(ExtensibilityGlobals) = postSolution
		SolutionGuid = {4E45E1CC-5D4C-469A-90EC-2F9791C41EB9}
	EndGlobalSection
EndGlobal
